// !$*UTF8*$!
{
	archiveVersion = 1;
	classes = {
	};
	objectVersion = 50;
	objects = {

/* Begin PBXBuildFile section */
		14B519B02499FEFF00F6E297 /* AppDelegate.m in Sources */ = {isa = PBXBuildFile; fileRef = 14B519AF2499FEFF00F6E297 /* AppDelegate.m */; };
		14B519B92499FEFF00F6E297 /* Main.storyboard in Resources */ = {isa = PBXBuildFile; fileRef = 14B519B72499FEFF00F6E297 /* Main.storyboard */; };
		14B519BB2499FF0100F6E297 /* Assets.xcassets in Resources */ = {isa = PBXBuildFile; fileRef = 14B519BA2499FF0100F6E297 /* Assets.xcassets */; };
		14B519BE2499FF0100F6E297 /* LaunchScreen.storyboard in Resources */ = {isa = PBXBuildFile; fileRef = 14B519BC2499FF0100F6E297 /* LaunchScreen.storyboard */; };
		14B519C12499FF0100F6E297 /* main.m in Sources */ = {isa = PBXBuildFile; fileRef = 14B519C02499FF0100F6E297 /* main.m */; };
		14B519CB2499FF0200F6E297 /* VideoCodecDemoTests.m in Sources */ = {isa = PBXBuildFile; fileRef = 14B519CA2499FF0200F6E297 /* VideoCodecDemoTests.m */; };
		14B519D62499FF0200F6E297 /* VideoCodecDemoUITests.m in Sources */ = {isa = PBXBuildFile; fileRef = 14B519D52499FF0200F6E297 /* VideoCodecDemoUITests.m */; };
		14B519E5249A141F00F6E297 /* KKVideoCapture.m in Sources */ = {isa = PBXBuildFile; fileRef = 14B519E4249A141F00F6E297 /* KKVideoCapture.m */; };
		14B519E8249A146E00F6E297 /* KKCaptureParams.m in Sources */ = {isa = PBXBuildFile; fileRef = 14B519E7249A146E00F6E297 /* KKCaptureParams.m */; };
		14B519EB249AD29F00F6E297 /* KKVideoEncoder.m in Sources */ = {isa = PBXBuildFile; fileRef = 14B519EA249AD29F00F6E297 /* KKVideoEncoder.m */; };
		14B519EE249AD41F00F6E297 /* H264Decoder.m in Sources */ = {isa = PBXBuildFile; fileRef = 14B519ED249AD41F00F6E297 /* H264Decoder.m */; };
		14B519F0249AD46F00F6E297 /* Shaders.metal in Sources */ = {isa = PBXBuildFile; fileRef = 14B519EF249AD46F00F6E297 /* Shaders.metal */; };
		14B519F3249AD48500F6E297 /* MetalPlayer.m in Sources */ = {isa = PBXBuildFile; fileRef = 14B519F2249AD48500F6E297 /* MetalPlayer.m */; };
		14B519F6249AD49D00F6E297 /* VideoStreamPlayLayer.m in Sources */ = {isa = PBXBuildFile; fileRef = 14B519F5249AD49D00F6E297 /* VideoStreamPlayLayer.m */; };
		14B519F8249AD58C00F6E297 /* ViewController.m in Sources */ = {isa = PBXBuildFile; fileRef = 14B519F7249AD58C00F6E297 /* ViewController.m */; };
/* End PBXBuildFile section */

/* Begin PBXContainerItemProxy section */
		14B519C72499FF0200F6E297 /* PBXContainerItemProxy */ = {
			isa = PBXContainerItemProxy;
			containerPortal = 14B519A32499FEFE00F6E297 /* Project object */;
			proxyType = 1;
			remoteGlobalIDString = 14B519AA2499FEFF00F6E297;
			remoteInfo = VideoCodecDemo;
		};
		14B519D22499FF0200F6E297 /* PBXContainerItemProxy */ = {
			isa = PBXContainerItemProxy;
			containerPortal = 14B519A32499FEFE00F6E297 /* Project object */;
			proxyType = 1;
			remoteGlobalIDString = 14B519AA2499FEFF00F6E297;
			remoteInfo = VideoCodecDemo;
		};
/* End PBXContainerItemProxy section */

/* Begin PBXFileReference section */
		14B519AB2499FEFF00F6E297 /* VideoCodecDemo.app */ = {isa = PBXFileReference; explicitFileType = wrapper.application; includeInIndex = 0; path = VideoCodecDemo.app; sourceTree = BUILT_PRODUCTS_DIR; };
		14B519AE2499FEFF00F6E297 /* AppDelegate.h */ = {isa = PBXFileReference; lastKnownFileType = sourcecode.c.h; path = AppDelegate.h; sourceTree = "<group>"; };
		14B519AF2499FEFF00F6E297 /* AppDelegate.m */ = {isa = PBXFileReference; lastKnownFileType = sourcecode.c.objc; path = AppDelegate.m; sourceTree = "<group>"; };
		14B519B42499FEFF00F6E297 /* ViewController.h */ = {isa = PBXFileReference; lastKnownFileType = sourcecode.c.h; path = ViewController.h; sourceTree = "<group>"; };
		14B519B82499FEFF00F6E297 /* Base */ = {isa = PBXFileReference; lastKnownFileType = file.storyboard; name = Base; path = Base.lproj/Main.storyboard; sourceTree = "<group>"; };
		14B519BA2499FF0100F6E297 /* Assets.xcassets */ = {isa = PBXFileReference; lastKnownFileType = folder.assetcatalog; path = Assets.xcassets; sourceTree = "<group>"; };
		14B519BD2499FF0100F6E297 /* Base */ = {isa = PBXFileReference; lastKnownFileType = file.storyboard; name = Base; path = Base.lproj/LaunchScreen.storyboard; sourceTree = "<group>"; };
		14B519BF2499FF0100F6E297 /* Info.plist */ = {isa = PBXFileReference; lastKnownFileType = text.plist.xml; path = Info.plist; sourceTree = "<group>"; };
		14B519C02499FF0100F6E297 /* main.m */ = {isa = PBXFileReference; lastKnownFileType = sourcecode.c.objc; path = main.m; sourceTree = "<group>"; };
		14B519C62499FF0200F6E297 /* VideoCodecDemoTests.xctest */ = {isa = PBXFileReference; explicitFileType = wrapper.cfbundle; includeInIndex = 0; path = VideoCodecDemoTests.xctest; sourceTree = BUILT_PRODUCTS_DIR; };
		14B519CA2499FF0200F6E297 /* VideoCodecDemoTests.m */ = {isa = PBXFileReference; lastKnownFileType = sourcecode.c.objc; path = VideoCodecDemoTests.m; sourceTree = "<group>"; };
		14B519CC2499FF0200F6E297 /* Info.plist */ = {isa = PBXFileReference; lastKnownFileType = text.plist.xml; path = Info.plist; sourceTree = "<group>"; };
		14B519D12499FF0200F6E297 /* VideoCodecDemoUITests.xctest */ = {isa = PBXFileReference; explicitFileType = wrapper.cfbundle; includeInIndex = 0; path = VideoCodecDemoUITests.xctest; sourceTree = BUILT_PRODUCTS_DIR; };
		14B519D52499FF0200F6E297 /* VideoCodecDemoUITests.m */ = {isa = PBXFileReference; lastKnownFileType = sourcecode.c.objc; path = VideoCodecDemoUITests.m; sourceTree = "<group>"; };
		14B519D72499FF0200F6E297 /* Info.plist */ = {isa = PBXFileReference; lastKnownFileType = text.plist.xml; path = Info.plist; sourceTree = "<group>"; };
		14B519E3249A141F00F6E297 /* KKVideoCapture.h */ = {isa = PBXFileReference; lastKnownFileType = sourcecode.c.h; path = KKVideoCapture.h; sourceTree = "<group>"; };
		14B519E4249A141F00F6E297 /* KKVideoCapture.m */ = {isa = PBXFileReference; lastKnownFileType = sourcecode.c.objc; path = KKVideoCapture.m; sourceTree = "<group>"; };
		14B519E6249A146E00F6E297 /* KKCaptureParams.h */ = {isa = PBXFileReference; lastKnownFileType = sourcecode.c.h; path = KKCaptureParams.h; sourceTree = "<group>"; };
		14B519E7249A146E00F6E297 /* KKCaptureParams.m */ = {isa = PBXFileReference; lastKnownFileType = sourcecode.c.objc; path = KKCaptureParams.m; sourceTree = "<group>"; };
		14B519E9249AD29F00F6E297 /* KKVideoEncoder.h */ = {isa = PBXFileReference; lastKnownFileType = sourcecode.c.h; path = KKVideoEncoder.h; sourceTree = "<group>"; };
		14B519EA249AD29F00F6E297 /* KKVideoEncoder.m */ = {isa = PBXFileReference; lastKnownFileType = sourcecode.c.objc; path = KKVideoEncoder.m; sourceTree = "<group>"; };
		14B519EC249AD41F00F6E297 /* H264Decoder.h */ = {isa = PBXFileReference; fileEncoding = 4; lastKnownFileType = sourcecode.c.h; path = H264Decoder.h; sourceTree = "<group>"; };
		14B519ED249AD41F00F6E297 /* H264Decoder.m */ = {isa = PBXFileReference; fileEncoding = 4; lastKnownFileType = sourcecode.c.objc; path = H264Decoder.m; sourceTree = "<group>"; };
		14B519EF249AD46F00F6E297 /* Shaders.metal */ = {isa = PBXFileReference; fileEncoding = 4; lastKnownFileType = sourcecode.metal; path = Shaders.metal; sourceTree = "<group>"; };
		14B519F1249AD48500F6E297 /* MetalPlayer.h */ = {isa = PBXFileReference; fileEncoding = 4; lastKnownFileType = sourcecode.c.h; path = MetalPlayer.h; sourceTree = "<group>"; };
		14B519F2249AD48500F6E297 /* MetalPlayer.m */ = {isa = PBXFileReference; fileEncoding = 4; lastKnownFileType = sourcecode.c.objc; path = MetalPlayer.m; sourceTree = "<group>"; };
		14B519F4249AD49D00F6E297 /* VideoStreamPlayLayer.h */ = {isa = PBXFileReference; fileEncoding = 4; lastKnownFileType = sourcecode.c.h; path = VideoStreamPlayLayer.h; sourceTree = "<group>"; };
		14B519F5249AD49D00F6E297 /* VideoStreamPlayLayer.m */ = {isa = PBXFileReference; fileEncoding = 4; lastKnownFileType = sourcecode.c.objc; path = VideoStreamPlayLayer.m; sourceTree = "<group>"; };
		14B519F7249AD58C00F6E297 /* ViewController.m */ = {isa = PBXFileReference; fileEncoding = 4; lastKnownFileType = sourcecode.c.objc; path = ViewController.m; sourceTree = "<group>"; };
/* End PBXFileReference section */

/* Begin PBXFrameworksBuildPhase section */
		14B519A82499FEFF00F6E297 /* Frameworks */ = {
			isa = PBXFrameworksBuildPhase;
			buildActionMask = 2147483647;
			files = (
			);
			runOnlyForDeploymentPostprocessing = 0;
		};
		14B519C32499FF0200F6E297 /* Frameworks */ = {
			isa = PBXFrameworksBuildPhase;
			buildActionMask = 2147483647;
			files = (
			);
			runOnlyForDeploymentPostprocessing = 0;
		};
		14B519CE2499FF0200F6E297 /* Frameworks */ = {
			isa = PBXFrameworksBuildPhase;
			buildActionMask = 2147483647;
			files = (
			);
			runOnlyForDeploymentPostprocessing = 0;
		};
/* End PBXFrameworksBuildPhase section */

/* Begin PBXGroup section */
		14B519A22499FEFE00F6E297 = {
			isa = PBXGroup;
			children = (
				14B519AD2499FEFF00F6E297 /* VideoCodecDemo */,
				14B519C92499FF0200F6E297 /* VideoCodecDemoTests */,
				14B519D42499FF0200F6E297 /* VideoCodecDemoUITests */,
				14B519AC2499FEFF00F6E297 /* Products */,
			);
			sourceTree = "<group>";
		};
		14B519AC2499FEFF00F6E297 /* Products */ = {
			isa = PBXGroup;
			children = (
				14B519AB2499FEFF00F6E297 /* VideoCodecDemo.app */,
				14B519C62499FF0200F6E297 /* VideoCodecDemoTests.xctest */,
				14B519D12499FF0200F6E297 /* VideoCodecDemoUITests.xctest */,
			);
			name = Products;
			sourceTree = "<group>";
		};
		14B519AD2499FEFF00F6E297 /* VideoCodecDemo */ = {
			isa = PBXGroup;
			children = (
				14B519AE2499FEFF00F6E297 /* AppDelegate.h */,
				14B519AF2499FEFF00F6E297 /* AppDelegate.m */,
				14B519B42499FEFF00F6E297 /* ViewController.h */,
				14B519F7249AD58C00F6E297 /* ViewController.m */,
				14B519B72499FEFF00F6E297 /* Main.storyboard */,
				14B519BA2499FF0100F6E297 /* Assets.xcassets */,
				14B519BC2499FF0100F6E297 /* LaunchScreen.storyboard */,
				14B519BF2499FF0100F6E297 /* Info.plist */,
				14B519C02499FF0100F6E297 /* main.m */,
				14B519E3249A141F00F6E297 /* KKVideoCapture.h */,
				14B519E4249A141F00F6E297 /* KKVideoCapture.m */,
				14B519E6249A146E00F6E297 /* KKCaptureParams.h */,
				14B519E7249A146E00F6E297 /* KKCaptureParams.m */,
				14B519E9249AD29F00F6E297 /* KKVideoEncoder.h */,
				14B519EA249AD29F00F6E297 /* KKVideoEncoder.m */,
				14B519EC249AD41F00F6E297 /* H264Decoder.h */,
				14B519ED249AD41F00F6E297 /* H264Decoder.m */,
				14B519EF249AD46F00F6E297 /* Shaders.metal */,
				14B519F1249AD48500F6E297 /* MetalPlayer.h */,
				14B519F2249AD48500F6E297 /* MetalPlayer.m */,
				14B519F4249AD49D00F6E297 /* VideoStreamPlayLayer.h */,
				14B519F5249AD49D00F6E297 /* VideoStreamPlayLayer.m */,
			);
			path = VideoCodecDemo;
			sourceTree = "<group>";
		};
		14B519C92499FF0200F6E297 /* VideoCodecDemoTests */ = {
			isa = PBXGroup;
			children = (
				14B519CA2499FF0200F6E297 /* VideoCodecDemoTests.m */,
				14B519CC2499FF0200F6E297 /* Info.plist */,
			);
			path = VideoCodecDemoTests;
			sourceTree = "<group>";
		};
		14B519D42499FF0200F6E297 /* VideoCodecDemoUITests */ = {
			isa = PBXGroup;
			children = (
				14B519D52499FF0200F6E297 /* VideoCodecDemoUITests.m */,
				14B519D72499FF0200F6E297 /* Info.plist */,
			);
			path = VideoCodecDemoUITests;
			sourceTree = "<group>";
		};
/* End PBXGroup section */

/* Begin PBXNativeTarget section */
		14B519AA2499FEFF00F6E297 /* VideoCodecDemo */ = {
			isa = PBXNativeTarget;
			buildConfigurationList = 14B519DA2499FF0200F6E297 /* Build configuration list for PBXNativeTarget "VideoCodecDemo" */;
			buildPhases = (
				14B519A72499FEFF00F6E297 /* Sources */,
				14B519A82499FEFF00F6E297 /* Frameworks */,
				14B519A92499FEFF00F6E297 /* Resources */,
			);
			buildRules = (
			);
			dependencies = (
			);
			name = VideoCodecDemo;
			productName = VideoCodecDemo;
			productReference = 14B519AB2499FEFF00F6E297 /* VideoCodecDemo.app */;
			productType = "com.apple.product-type.application";
		};
		14B519C52499FF0200F6E297 /* VideoCodecDemoTests */ = {
			isa = PBXNativeTarget;
			buildConfigurationList = 14B519DD2499FF0200F6E297 /* Build configuration list for PBXNativeTarget "VideoCodecDemoTests" */;
			buildPhases = (
				14B519C22499FF0200F6E297 /* Sources */,
				14B519C32499FF0200F6E297 /* Frameworks */,
				14B519C42499FF0200F6E297 /* Resources */,
			);
			buildRules = (
			);
			dependencies = (
				14B519C82499FF0200F6E297 /* PBXTargetDependency */,
			);
			name = VideoCodecDemoTests;
			productName = VideoCodecDemoTests;
			productReference = 14B519C62499FF0200F6E297 /* VideoCodecDemoTests.xctest */;
			productType = "com.apple.product-type.bundle.unit-test";
		};
		14B519D02499FF0200F6E297 /* VideoCodecDemoUITests */ = {
			isa = PBXNativeTarget;
			buildConfigurationList = 14B519E02499FF0200F6E297 /* Build configuration list for PBXNativeTarget "VideoCodecDemoUITests" */;
			buildPhases = (
				14B519CD2499FF0200F6E297 /* Sources */,
				14B519CE2499FF0200F6E297 /* Frameworks */,
				14B519CF2499FF0200F6E297 /* Resources */,
			);
			buildRules = (
			);
			dependencies = (
				14B519D32499FF0200F6E297 /* PBXTargetDependency */,
			);
			name = VideoCodecDemoUITests;
			productName = VideoCodecDemoUITests;
			productReference = 14B519D12499FF0200F6E297 /* VideoCodecDemoUITests.xctest */;
			productType = "com.apple.product-type.bundle.ui-testing";
		};
/* End PBXNativeTarget section */

/* Begin PBXProject section */
		14B519A32499FEFE00F6E297 /* Project object */ = {
			isa = PBXProject;
			attributes = {
				LastUpgradeCheck = 1140;
				ORGANIZATIONNAME = "李贺";
				TargetAttributes = {
					14B519AA2499FEFF00F6E297 = {
						CreatedOnToolsVersion = 11.4.1;
					};
					14B519C52499FF0200F6E297 = {
						CreatedOnToolsVersion = 11.4.1;
						TestTargetID = 14B519AA2499FEFF00F6E297;
					};
					14B519D02499FF0200F6E297 = {
						CreatedOnToolsVersion = 11.4.1;
						TestTargetID = 14B519AA2499FEFF00F6E297;
					};
				};
			};
			buildConfigurationList = 14B519A62499FEFE00F6E297 /* Build configuration list for PBXProject "VideoCodecDemo" */;
			compatibilityVersion = "Xcode 9.3";
			developmentRegion = en;
			hasScannedForEncodings = 0;
			knownRegions = (
				en,
				Base,
			);
			mainGroup = 14B519A22499FEFE00F6E297;
			productRefGroup = 14B519AC2499FEFF00F6E297 /* Products */;
			projectDirPath = "";
			projectRoot = "";
			targets = (
				14B519AA2499FEFF00F6E297 /* VideoCodecDemo */,
				14B519C52499FF0200F6E297 /* VideoCodecDemoTests */,
				14B519D02499FF0200F6E297 /* VideoCodecDemoUITests */,
			);
		};
/* End PBXProject section */

/* Begin PBXResourcesBuildPhase section */
		14B519A92499FEFF00F6E297 /* Resources */ = {
			isa = PBXResourcesBuildPhase;
			buildActionMask = 2147483647;
			files = (
				14B519BE2499FF0100F6E297 /* LaunchScreen.storyboard in Resources */,
				14B519BB2499FF0100F6E297 /* Assets.xcassets in Resources */,
				14B519B92499FEFF00F6E297 /* Main.storyboard in Resources */,
			);
			runOnlyForDeploymentPostprocessing = 0;
		};
		14B519C42499FF0200F6E297 /* Resources */ = {
			isa = PBXResourcesBuildPhase;
			buildActionMask = 2147483647;
			files = (
			);
			runOnlyForDeploymentPostprocessing = 0;
		};
		14B519CF2499FF0200F6E297 /* Resources */ = {
			isa = PBXResourcesBuildPhase;
			buildActionMask = 2147483647;
			files = (
			);
			runOnlyForDeploymentPostprocessing = 0;
		};
/* End PBXResourcesBuildPhase section */

/* Begin PBXSourcesBuildPhase section */
		14B519A72499FEFF00F6E297 /* Sources */ = {
			isa = PBXSourcesBuildPhase;
			buildActionMask = 2147483647;
			files = (
				14B519F3249AD48500F6E297 /* MetalPlayer.m in Sources */,
				14B519F6249AD49D00F6E297 /* VideoStreamPlayLayer.m in Sources */,
				14B519F0249AD46F00F6E297 /* Shaders.metal in Sources */,
				14B519E5249A141F00F6E297 /* KKVideoCapture.m in Sources */,
				14B519F8249AD58C00F6E297 /* ViewController.m in Sources */,
				14B519E8249A146E00F6E297 /* KKCaptureParams.m in Sources */,
				14B519B02499FEFF00F6E297 /* AppDelegate.m in Sources */,
				14B519EE249AD41F00F6E297 /* H264Decoder.m in Sources */,
				14B519EB249AD29F00F6E297 /* KKVideoEncoder.m in Sources */,
				14B519C12499FF0100F6E297 /* main.m in Sources */,
			);
			runOnlyForDeploymentPostprocessing = 0;
		};
		14B519C22499FF0200F6E297 /* Sources */ = {
			isa = PBXSourcesBuildPhase;
			buildActionMask = 2147483647;
			files = (
				14B519CB2499FF0200F6E297 /* VideoCodecDemoTests.m in Sources */,
			);
			runOnlyForDeploymentPostprocessing = 0;
		};
		14B519CD2499FF0200F6E297 /* Sources */ = {
			isa = PBXSourcesBuildPhase;
			buildActionMask = 2147483647;
			files = (
				14B519D62499FF0200F6E297 /* VideoCodecDemoUITests.m in Sources */,
			);
			runOnlyForDeploymentPostprocessing = 0;
		};
/* End PBXSourcesBuildPhase section */

/* Begin PBXTargetDependency section */
		14B519C82499FF0200F6E297 /* PBXTargetDependency */ = {
			isa = PBXTargetDependency;
			target = 14B519AA2499FEFF00F6E297 /* VideoCodecDemo */;
			targetProxy = 14B519C72499FF0200F6E297 /* PBXContainerItemProxy */;
		};
		14B519D32499FF0200F6E297 /* PBXTargetDependency */ = {
			isa = PBXTargetDependency;
			target = 14B519AA2499FEFF00F6E297 /* VideoCodecDemo */;
			targetProxy = 14B519D22499FF0200F6E297 /* PBXContainerItemProxy */;
		};
/* End PBXTargetDependency section */

/* Begin PBXVariantGroup section */
		14B519B72499FEFF00F6E297 /* Main.storyboard */ = {
			isa = PBXVariantGroup;
			children = (
				14B519B82499FEFF00F6E297 /* Base */,
			);
			name = Main.storyboard;
			sourceTree = "<group>";
		};
		14B519BC2499FF0100F6E297 /* LaunchScreen.storyboard */ = {
			isa = PBXVariantGroup;
			children = (
				14B519BD2499FF0100F6E297 /* Base */,
			);
			name = LaunchScreen.storyboard;
			sourceTree = "<group>";
		};
/* End PBXVariantGroup section */

/* Begin XCBuildConfiguration section */
		14B519D82499FF0200F6E297 /* Debug */ = {
			isa = XCBuildConfiguration;
			buildSettings = {
				ALWAYS_SEARCH_USER_PATHS = NO;
				CLANG_ANALYZER_NONNULL = YES;
				CLANG_ANALYZER_NUMBER_OBJECT_CONVERSION = YES_AGGRESSIVE;
				CLANG_CXX_LANGUAGE_STANDARD = "gnu++14";
				CLANG_CXX_LIBRARY = "libc++";
				CLANG_ENABLE_MODULES = YES;
				CLANG_ENABLE_OBJC_ARC = YES;
				CLANG_ENABLE_OBJC_WEAK = YES;
				CLANG_WARN_BLOCK_CAPTURE_AUTORELEASING = YES;
				CLANG_WARN_BOOL_CONVERSION = YES;
				CLANG_WARN_COMMA = YES;
				CLANG_WARN_CONSTANT_CONVERSION = YES;
				CLANG_WARN_DEPRECATED_OBJC_IMPLEMENTATIONS = YES;
				CLANG_WARN_DIRECT_OBJC_ISA_USAGE = YES_ERROR;
				CLANG_WARN_DOCUMENTATION_COMMENTS = YES;
				CLANG_WARN_EMPTY_BODY = YES;
				CLANG_WARN_ENUM_CONVERSION = YES;
				CLANG_WARN_INFINITE_RECURSION = YES;
				CLANG_WARN_INT_CONVERSION = YES;
				CLANG_WARN_NON_LITERAL_NULL_CONVERSION = YES;
				CLANG_WARN_OBJC_IMPLICIT_RETAIN_SELF = YES;
				CLANG_WARN_OBJC_LITERAL_CONVERSION = YES;
				CLANG_WARN_OBJC_ROOT_CLASS = YES_ERROR;
				CLANG_WARN_RANGE_LOOP_ANALYSIS = YES;
				CLANG_WARN_STRICT_PROTOTYPES = YES;
				CLANG_WARN_SUSPICIOUS_MOVE = YES;
				CLANG_WARN_UNGUARDED_AVAILABILITY = YES_AGGRESSIVE;
				CLANG_WARN_UNREACHABLE_CODE = YES;
				CLANG_WARN__DUPLICATE_METHOD_MATCH = YES;
				COPY_PHASE_STRIP = NO;
				DEBUG_INFORMATION_FORMAT = dwarf;
				ENABLE_STRICT_OBJC_MSGSEND = YES;
				ENABLE_TESTABILITY = YES;
				GCC_C_LANGUAGE_STANDARD = gnu11;
				GCC_DYNAMIC_NO_PIC = NO;
				GCC_NO_COMMON_BLOCKS = YES;
				GCC_OPTIMIZATION_LEVEL = 0;
				GCC_PREPROCESSOR_DEFINITIONS = (
					"DEBUG=1",
					"$(inherited)",
				);
				GCC_WARN_64_TO_32_BIT_CONVERSION = YES;
				GCC_WARN_ABOUT_RETURN_TYPE = YES_ERROR;
				GCC_WARN_UNDECLARED_SELECTOR = YES;
				GCC_WARN_UNINITIALIZED_AUTOS = YES_AGGRESSIVE;
				GCC_WARN_UNUSED_FUNCTION = YES;
				GCC_WARN_UNUSED_VARIABLE = YES;
				IPHONEOS_DEPLOYMENT_TARGET = 13.4;
				MTL_ENABLE_DEBUG_INFO = INCLUDE_SOURCE;
				MTL_FAST_MATH = YES;
				ONLY_ACTIVE_ARCH = YES;
				SDKROOT = iphoneos;
			};
			name = Debug;
		};
		14B519D92499FF0200F6E297 /* Release */ = {
			isa = XCBuildConfiguration;
			buildSettings = {
				ALWAYS_SEARCH_USER_PATHS = NO;
				CLANG_ANALYZER_NONNULL = YES;
				CLANG_ANALYZER_NUMBER_OBJECT_CONVERSION = YES_AGGRESSIVE;
				CLANG_CXX_LANGUAGE_STANDARD = "gnu++14";
				CLANG_CXX_LIBRARY = "libc++";
				CLANG_ENABLE_MODULES = YES;
				CLANG_ENABLE_OBJC_ARC = YES;
				CLANG_ENABLE_OBJC_WEAK = YES;
				CLANG_WARN_BLOCK_CAPTURE_AUTORELEASING = YES;
				CLANG_WARN_BOOL_CONVERSION = YES;
				CLANG_WARN_COMMA = YES;
				CLANG_WARN_CONSTANT_CONVERSION = YES;
				CLANG_WARN_DEPRECATED_OBJC_IMPLEMENTATIONS = YES;
				CLANG_WARN_DIRECT_OBJC_ISA_USAGE = YES_ERROR;
				CLANG_WARN_DOCUMENTATION_COMMENTS = YES;
				CLANG_WARN_EMPTY_BODY = YES;
				CLANG_WARN_ENUM_CONVERSION = YES;
				CLANG_WARN_INFINITE_RECURSION = YES;
				CLANG_WARN_INT_CONVERSION = YES;
				CLANG_WARN_NON_LITERAL_NULL_CONVERSION = YES;
				CLANG_WARN_OBJC_IMPLICIT_RETAIN_SELF = YES;
				CLANG_WARN_OBJC_LITERAL_CONVERSION = YES;
				CLANG_WARN_OBJC_ROOT_CLASS = YES_ERROR;
				CLANG_WARN_RANGE_LOOP_ANALYSIS = YES;
				CLANG_WARN_STRICT_PROTOTYPES = YES;
				CLANG_WARN_SUSPICIOUS_MOVE = YES;
				CLANG_WARN_UNGUARDED_AVAILABILITY = YES_AGGRESSIVE;
				CLANG_WARN_UNREACHABLE_CODE = YES;
				CLANG_WARN__DUPLICATE_METHOD_MATCH = YES;
				COPY_PHASE_STRIP = NO;
				DEBUG_INFORMATION_FORMAT = "dwarf-with-dsym";
				ENABLE_NS_ASSERTIONS = NO;
				ENABLE_STRICT_OBJC_MSGSEND = YES;
				GCC_C_LANGUAGE_STANDARD = gnu11;
				GCC_NO_COMMON_BLOCKS = YES;
				GCC_WARN_64_TO_32_BIT_CONVERSION = YES;
				GCC_WARN_ABOUT_RETURN_TYPE = YES_ERROR;
				GCC_WARN_UNDECLARED_SELECTOR = YES;
				GCC_WARN_UNINITIALIZED_AUTOS = YES_AGGRESSIVE;
				GCC_WARN_UNUSED_FUNCTION = YES;
				GCC_WARN_UNUSED_VARIABLE = YES;
				IPHONEOS_DEPLOYMENT_TARGET = 13.4;
				MTL_ENABLE_DEBUG_INFO = NO;
				MTL_FAST_MATH = YES;
				SDKROOT = iphoneos;
				VALIDATE_PRODUCT = YES;
			};
			name = Release;
		};
		14B519DB2499FF0200F6E297 /* Debug */ = {
			isa = XCBuildConfiguration;
			buildSettings = {
				ASSETCATALOG_COMPILER_APPICON_NAME = AppIcon;
				CODE_SIGN_STYLE = Automatic;
				DEVELOPMENT_TEAM = 6PL7SL392G;
				INFOPLIST_FILE = VideoCodecDemo/Info.plist;
				IPHONEOS_DEPLOYMENT_TARGET = 11.1;
				LD_RUNPATH_SEARCH_PATHS = (
					"$(inherited)",
					"@executable_path/Frameworks",
				);
				PRODUCT_BUNDLE_IDENTIFIER = com.lihedemo;
				PRODUCT_NAME = "$(TARGET_NAME)";
				TARGETED_DEVICE_FAMILY = "1,2";
			};
			name = Debug;
		};
		14B519DC2499FF0200F6E297 /* Release */ = {
			isa = XCBuildConfiguration;
			buildSettings = {
				ASSETCATALOG_COMPILER_APPICON_NAME = AppIcon;
				CODE_SIGN_STYLE = Automatic;
				DEVELOPMENT_TEAM = 6PL7SL392G;
				INFOPLIST_FILE = VideoCodecDemo/Info.plist;
				IPHONEOS_DEPLOYMENT_TARGET = 11.1;
				LD_RUNPATH_SEARCH_PATHS = (
					"$(inherited)",
					"@executable_path/Frameworks",
				);
				PRODUCT_BUNDLE_IDENTIFIER = com.lihedemo;
				PRODUCT_NAME = "$(TARGET_NAME)";
				TARGETED_DEVICE_FAMILY = "1,2";
			};
			name = Release;
		};
		14B519DE2499FF0200F6E297 /* Debug */ = {
			isa = XCBuildConfiguration;
			buildSettings = {
				BUNDLE_LOADER = "$(TEST_HOST)";
				CODE_SIGN_STYLE = Automatic;
				INFOPLIST_FILE = VideoCodecDemoTests/Info.plist;
				IPHONEOS_DEPLOYMENT_TARGET = 13.4;
				LD_RUNPATH_SEARCH_PATHS = (
					"$(inherited)",
					"@executable_path/Frameworks",
					"@loader_path/Frameworks",
				);
				PRODUCT_BUNDLE_IDENTIFIER = hehe.li.VideoCodecDemoTests;
				PRODUCT_NAME = "$(TARGET_NAME)";
				TARGETED_DEVICE_FAMILY = "1,2";
				TEST_HOST = "$(BUILT_PRODUCTS_DIR)/VideoCodecDemo.app/VideoCodecDemo";
			};
			name = Debug;
		};
		14B519DF2499FF0200F6E297 /* Release */ = {
			isa = XCBuildConfiguration;
			buildSettings = {
				BUNDLE_LOADER = "$(TEST_HOST)";
				CODE_SIGN_STYLE = Automatic;
				INFOPLIST_FILE = VideoCodecDemoTests/Info.plist;
				IPHONEOS_DEPLOYMENT_TARGET = 13.4;
				LD_RUNPATH_SEARCH_PATHS = (
					"$(inherited)",
					"@executable_path/Frameworks",
					"@loader_path/Frameworks",
				);
				PRODUCT_BUNDLE_IDENTIFIER = hehe.li.VideoCodecDemoTests;
				PRODUCT_NAME = "$(TARGET_NAME)";
				TARGETED_DEVICE_FAMILY = "1,2";
				TEST_HOST = "$(BUILT_PRODUCTS_DIR)/VideoCodecDemo.app/VideoCodecDemo";
			};
			name = Release;
		};
		14B519E12499FF0200F6E297 /* Debug */ = {
			isa = XCBuildConfiguration;
			buildSettings = {
				CODE_SIGN_STYLE = Automatic;
				INFOPLIST_FILE = VideoCodecDemoUITests/Info.plist;
				LD_RUNPATH_SEARCH_PATHS = (
					"$(inherited)",
					"@executable_path/Frameworks",
					"@loader_path/Frameworks",
				);
				PRODUCT_BUNDLE_IDENTIFIER = hehe.li.VideoCodecDemoUITests;
				PRODUCT_NAME = "$(TARGET_NAME)";
				TARGETED_DEVICE_FAMILY = "1,2";
				TEST_TARGET_NAME = VideoCodecDemo;
			};
			name = Debug;
		};
		14B519E22499FF0200F6E297 /* Release */ = {
			isa = XCBuildConfiguration;
			buildSettings = {
				CODE_SIGN_STYLE = Automatic;
				INFOPLIST_FILE = VideoCodecDemoUITests/Info.plist;
				LD_RUNPATH_SEARCH_PATHS = (
					"$(inherited)",
					"@executable_path/Frameworks",
					"@loader_path/Frameworks",
				);
				PRODUCT_BUNDLE_IDENTIFIER = hehe.li.VideoCodecDemoUITests;
				PRODUCT_NAME = "$(TARGET_NAME)";
				TARGETED_DEVICE_FAMILY = "1,2";
				TEST_TARGET_NAME = VideoCodecDemo;
			};
			name = Release;
		};
/* End XCBuildConfiguration section */

/* Begin XCConfigurationList section */
		14B519A62499FEFE00F6E297 /* Build configuration list for PBXProject "VideoCodecDemo" */ = {
			isa = XCConfigurationList;
			buildConfigurations = (
				14B519D82499FF0200F6E297 /* Debug */,
				14B519D92499FF0200F6E297 /* Release */,
			);
			defaultConfigurationIsVisible = 0;
			defaultConfigurationName = Release;
		};
		14B519DA2499FF0200F6E297 /* Build configuration list for PBXNativeTarget "VideoCodecDemo" */ = {
			isa = XCConfigurationList;
			buildConfigurations = (
				14B519DB2499FF0200F6E297 /* Debug */,
				14B519DC2499FF0200F6E297 /* Release */,
			);
			defaultConfigurationIsVisible = 0;
			defaultConfigurationName = Release;
		};
		14B519DD2499FF0200F6E297 /* Build configuration list for PBXNativeTarget "VideoCodecDemoTests" */ = {
			isa = XCConfigurationList;
			buildConfigurations = (
				14B519DE2499FF0200F6E297 /* Debug */,
				14B519DF2499FF0200F6E297 /* Release */,
			);
			defaultConfigurationIsVisible = 0;
			defaultConfigurationName = Release;
		};
		14B519E02499FF0200F6E297 /* Build configuration list for PBXNativeTarget "VideoCodecDemoUITests" */ = {
			isa = XCConfigurationList;
			buildConfigurations = (
				14B519E12499FF0200F6E297 /* Debug */,
				14B519E22499FF0200F6E297 /* Release */,
			);
			defaultConfigurationIsVisible = 0;
			defaultConfigurationName = Release;
		};
/* End XCConfigurationList section */
	};
	rootObject = 14B519A32499FEFE00F6E297 /* Project object */;
}
